
Microsoft Visual Studio Solution File, Format Version 12.00
# Visual Studio 2013
VisualStudioVersion = 12.0.31101.0
MinimumVisualStudioVersion = 10.0.40219.1
Project("{2150E333-8FDC-42A3-9474-1A3956D46DE8}") = "Objetos", "Objetos", "{F0DDCCF6-6A12-4DC9-8098-54CF3EF131EC}"
EndProject
Project("{FAE04EC0-301F-11D3-BF4B-00C04F79EFBC}") = "LibreriaObjetos", "LibreriaObjetos\LibreriaObjetos.csproj", "{C069F7BB-BA70-47E1-B51B-965D15B8DBCC}"
EndProject
Project("{2150E333-8FDC-42A3-9474-1A3956D46DE8}") = "Negocio", "Negocio", "{3B483365-4DDA-444B-85A1-EAF1135BDFB0}"
EndProject
Project("{FAE04EC0-301F-11D3-BF4B-00C04F79EFBC}") = "MainCore", "Metodos\MainCore.csproj", "{8E76D7EC-7EF2-4A5A-829D-ADDDF6BF58AD}"
EndProject
Project("{2150E333-8FDC-42A3-9474-1A3956D46DE8}") = "Escritorio", "Escritorio", "{6E255622-FCAA-4841-A7EA-0A9B4B512E9E}"
EndProject
Project("{2150E333-8FDC-42A3-9474-1A3956D46DE8}") = "GUI", "GUI", "{A1BB441A-927E-423E-BE61-D82672EC8D4D}"
EndProject
Project("{FAE04EC0-301F-11D3-BF4B-00C04F79EFBC}") = "AiGumsPC", "AiGumsPC\AiGumsPC.csproj", "{BCD6A64F-C21B-4500-9AA2-8191423E261A}"
	ProjectSection(ProjectDependencies) = postProject
		{E3F19EE3-1F67-43B3-A882-67157CAEC648} = {E3F19EE3-1F67-43B3-A882-67157CAEC648}
	EndProjectSection
EndProject
Project("{2150E333-8FDC-42A3-9474-1A3956D46DE8}") = "WebServ", "WebServ", "{269F7694-878E-4366-A172-BA5F8F573676}"
EndProject
Project("{FAE04EC0-301F-11D3-BF4B-00C04F79EFBC}") = "PercetodentService", "PercetodentService\PercetodentService.csproj", "{E3F19EE3-1F67-43B3-A882-67157CAEC648}"
EndProject
Project("{2150E333-8FDC-42A3-9474-1A3956D46DE8}") = "ProcImagen", "ProcImagen", "{AAD6B0FE-B1A7-40A0-85C2-DA11AB56B93D}"
EndProject
Project("{FAE04EC0-301F-11D3-BF4B-00C04F79EFBC}") = "ProcImagen", "ProcImagen\ProcImagen.csproj", "{8A505D2F-8EB6-43CD-AB3B-E5EAE1BEC7F4}"
EndProject
Global
	GlobalSection(SolutionConfigurationPlatforms) = preSolution
		Debug|Any CPU = Debug|Any CPU
		Release|Any CPU = Release|Any CPU
	EndGlobalSection
	GlobalSection(ProjectConfigurationPlatforms) = postSolution
		{C069F7BB-BA70-47E1-B51B-965D15B8DBCC}.Debug|Any CPU.ActiveCfg = Debug|Any CPU
		{C069F7BB-BA70-47E1-B51B-965D15B8DBCC}.Debug|Any CPU.Build.0 = Debug|Any CPU
		{C069F7BB-BA70-47E1-B51B-965D15B8DBCC}.Release|Any CPU.ActiveCfg = Release|Any CPU
		{C069F7BB-BA70-47E1-B51B-965D15B8DBCC}.Release|Any CPU.Build.0 = Release|Any CPU
		{8E76D7EC-7EF2-4A5A-829D-ADDDF6BF58AD}.Debug|Any CPU.ActiveCfg = Debug|Any CPU
		{8E76D7EC-7EF2-4A5A-829D-ADDDF6BF58AD}.Debug|Any CPU.Build.0 = Debug|Any CPU
		{8E76D7EC-7EF2-4A5A-829D-ADDDF6BF58AD}.Release|Any CPU.ActiveCfg = Release|Any CPU
		{8E76D7EC-7EF2-4A5A-829D-ADDDF6BF58AD}.Release|Any CPU.Build.0 = Release|Any CPU
		{BCD6A64F-C21B-4500-9AA2-8191423E261A}.Debug|Any CPU.ActiveCfg = Debug|Any CPU
		{BCD6A64F-C21B-4500-9AA2-8191423E261A}.Debug|Any CPU.Build.0 = Debug|Any CPU
		{BCD6A64F-C21B-4500-9AA2-8191423E261A}.Release|Any CPU.ActiveCfg = Release|Any CPU
		{BCD6A64F-C21B-4500-9AA2-8191423E261A}.Release|Any CPU.Build.0 = Release|Any CPU
		{E3F19EE3-1F67-43B3-A882-67157CAEC648}.Debug|Any CPU.ActiveCfg = Debug|Any CPU
		{E3F19EE3-1F67-43B3-A882-67157CAEC648}.Debug|Any CPU.Build.0 = Debug|Any CPU
		{E3F19EE3-1F67-43B3-A882-67157CAEC648}.Release|Any CPU.ActiveCfg = Release|Any CPU
		{E3F19EE3-1F67-43B3-A882-67157CAEC648}.Release|Any CPU.Build.0 = Release|Any CPU
		{8A505D2F-8EB6-43CD-AB3B-E5EAE1BEC7F4}.Debug|Any CPU.ActiveCfg = Debug|Any CPU
		{8A505D2F-8EB6-43CD-AB3B-E5EAE1BEC7F4}.Debug|Any CPU.Build.0 = Debug|Any CPU
		{8A505D2F-8EB6-43CD-AB3B-E5EAE1BEC7F4}.Release|Any CPU.ActiveCfg = Release|Any CPU
		{8A505D2F-8EB6-43CD-AB3B-E5EAE1BEC7F4}.Release|Any CPU.Build.0 = Release|Any CPU
	EndGlobalSection
	GlobalSection(SolutionProperties) = preSolution
		HideSolutionNode = FALSE
	EndGlobalSection
	GlobalSection(NestedProjects) = preSolution
		{C069F7BB-BA70-47E1-B51B-965D15B8DBCC} = {F0DDCCF6-6A12-4DC9-8098-54CF3EF131EC}
		{8E76D7EC-7EF2-4A5A-829D-ADDDF6BF58AD} = {3B483365-4DDA-444B-85A1-EAF1135BDFB0}
		{A1BB441A-927E-423E-BE61-D82672EC8D4D} = {6E255622-FCAA-4841-A7EA-0A9B4B512E9E}
		{BCD6A64F-C21B-4500-9AA2-8191423E261A} = {A1BB441A-927E-423E-BE61-D82672EC8D4D}
		{E3F19EE3-1F67-43B3-A882-67157CAEC648} = {269F7694-878E-4366-A172-BA5F8F573676}
		{8A505D2F-8EB6-43CD-AB3B-E5EAE1BEC7F4} = {AAD6B0FE-B1A7-40A0-85C2-DA11AB56B93D}
	EndGlobalSection
EndGlobal
